
Microsoft Visual Studio Solution File, Format Version 12.00
# Visual Studio Version 17
VisualStudioVersion = 17.8.34316.72
MinimumVisualStudioVersion = 10.0.40219.1
Project("{9A19103F-16F7-4668-BE54-9A1E7A4F7556}") = "Entity", "Entity\Entity.csproj", "{57C3A316-34B9-4AA5-94E7-C1C187714911}"
EndProject
Project("{9A19103F-16F7-4668-BE54-9A1E7A4F7556}") = "WebAPI", "WebAPI\WebAPI.csproj", "{0C274D99-FD6C-4A36-9DD7-BB1972E6956C}"
EndProject
Project("{FAE04EC0-301F-11D3-BF4B-00C04F79EFBC}") = "DataAccess", "DataAccess\DataAccess.csproj", "{A4AFB300-8198-44C1-9973-19A1C9F0B5BC}"
EndProject
Project("{FAE04EC0-301F-11D3-BF4B-00C04F79EFBC}") = "Core", "Core\Core.csproj", "{7FBDFE6B-2521-4147-BA09-092E99C8D13E}"
EndProject
Project("{FAE04EC0-301F-11D3-BF4B-00C04F79EFBC}") = "Business", "Business\Business.csproj", "{C95997FF-BDC9-4AFE-9121-76132D97CE68}"
EndProject
Global
	GlobalSection(SolutionConfigurationPlatforms) = preSolution
		Debug|Any CPU = Debug|Any CPU
		Release|Any CPU = Release|Any CPU
	EndGlobalSection
	GlobalSection(ProjectConfigurationPlatforms) = postSolution
		{57C3A316-34B9-4AA5-94E7-C1C187714911}.Debug|Any CPU.ActiveCfg = Debug|Any CPU
		{57C3A316-34B9-4AA5-94E7-C1C187714911}.Debug|Any CPU.Build.0 = Debug|Any CPU
		{57C3A316-34B9-4AA5-94E7-C1C187714911}.Release|Any CPU.ActiveCfg = Release|Any CPU
		{57C3A316-34B9-4AA5-94E7-C1C187714911}.Release|Any CPU.Build.0 = Release|Any CPU
		{0C274D99-FD6C-4A36-9DD7-BB1972E6956C}.Debug|Any CPU.ActiveCfg = Debug|Any CPU
		{0C274D99-FD6C-4A36-9DD7-BB1972E6956C}.Debug|Any CPU.Build.0 = Debug|Any CPU
		{0C274D99-FD6C-4A36-9DD7-BB1972E6956C}.Release|Any CPU.ActiveCfg = Release|Any CPU
		{0C274D99-FD6C-4A36-9DD7-BB1972E6956C}.Release|Any CPU.Build.0 = Release|Any CPU
		{A4AFB300-8198-44C1-9973-19A1C9F0B5BC}.Debug|Any CPU.ActiveCfg = Debug|Any CPU
		{A4AFB300-8198-44C1-9973-19A1C9F0B5BC}.Debug|Any CPU.Build.0 = Debug|Any CPU
		{A4AFB300-8198-44C1-9973-19A1C9F0B5BC}.Release|Any CPU.ActiveCfg = Release|Any CPU
		{A4AFB300-8198-44C1-9973-19A1C9F0B5BC}.Release|Any CPU.Build.0 = Release|Any CPU
		{7FBDFE6B-2521-4147-BA09-092E99C8D13E}.Debug|Any CPU.ActiveCfg = Debug|Any CPU
		{7FBDFE6B-2521-4147-BA09-092E99C8D13E}.Debug|Any CPU.Build.0 = Debug|Any CPU
		{7FBDFE6B-2521-4147-BA09-092E99C8D13E}.Release|Any CPU.ActiveCfg = Release|Any CPU
		{7FBDFE6B-2521-4147-BA09-092E99C8D13E}.Release|Any CPU.Build.0 = Release|Any CPU
		{C95997FF-BDC9-4AFE-9121-76132D97CE68}.Debug|Any CPU.ActiveCfg = Debug|Any CPU
		{C95997FF-BDC9-4AFE-9121-76132D97CE68}.Debug|Any CPU.Build.0 = Debug|Any CPU
		{C95997FF-BDC9-4AFE-9121-76132D97CE68}.Release|Any CPU.ActiveCfg = Release|Any CPU
		{C95997FF-BDC9-4AFE-9121-76132D97CE68}.Release|Any CPU.Build.0 = Release|Any CPU
	EndGlobalSection
	GlobalSection(SolutionProperties) = preSolution
		HideSolutionNode = FALSE
	EndGlobalSection
	GlobalSection(ExtensibilityGlobals) = postSolution
		SolutionGuid = {69CD4D81-1911-4D2B-B53E-4ABDF35C7A1C}
	EndGlobalSection
EndGlobal
